
Microsoft Visual Studio Solution File, Format Version 12.00
# Visual Studio Version 17
VisualStudioVersion = 17.13.35913.81
MinimumVisualStudioVersion = 10.0.40219.1
Project("{FAE04EC0-301F-11D3-BF4B-00C04F79EFBC}") = "BookStore.API", "BookStore.API\BookStore.API.csproj", "{7932CD75-AAB1-444B-8BEB-D1DD29637005}"
EndProject
Project("{FAE04EC0-301F-11D3-BF4B-00C04F79EFBC}") = "BookStore.Core", "BookStore.Core\BookStore.Core.csproj", "{1164FC27-870D-4523-8C3D-3EBBE13E4391}"
EndProject
Project("{FAE04EC0-301F-11D3-BF4B-00C04F79EFBC}") = "BookStore.DataAccess", "BookStore.DataAccess\BookStore.DataAccess.csproj", "{4867F46B-F8CD-4E48-BECE-6DBB29C0F61E}"
EndProject
Project("{FAE04EC0-301F-11D3-BF4B-00C04F79EFBC}") = "BookStore.Application", "BookStore.Application\BookStore.Application.csproj", "{032246B2-FE02-4C34-A156-31CE24F9A426}"
EndProject
Global
	GlobalSection(SolutionConfigurationPlatforms) = preSolution
		Debug|Any CPU = Debug|Any CPU
		Release|Any CPU = Release|Any CPU
	EndGlobalSection
	GlobalSection(ProjectConfigurationPlatforms) = postSolution
		{7932CD75-AAB1-444B-8BEB-D1DD29637005}.Debug|Any CPU.ActiveCfg = Debug|Any CPU
		{7932CD75-AAB1-444B-8BEB-D1DD29637005}.Debug|Any CPU.Build.0 = Debug|Any CPU
		{7932CD75-AAB1-444B-8BEB-D1DD29637005}.Release|Any CPU.ActiveCfg = Release|Any CPU
		{7932CD75-AAB1-444B-8BEB-D1DD29637005}.Release|Any CPU.Build.0 = Release|Any CPU
		{1164FC27-870D-4523-8C3D-3EBBE13E4391}.Debug|Any CPU.ActiveCfg = Debug|Any CPU
		{1164FC27-870D-4523-8C3D-3EBBE13E4391}.Debug|Any CPU.Build.0 = Debug|Any CPU
		{1164FC27-870D-4523-8C3D-3EBBE13E4391}.Release|Any CPU.ActiveCfg = Release|Any CPU
		{1164FC27-870D-4523-8C3D-3EBBE13E4391}.Release|Any CPU.Build.0 = Release|Any CPU
		{4867F46B-F8CD-4E48-BECE-6DBB29C0F61E}.Debug|Any CPU.ActiveCfg = Debug|Any CPU
		{4867F46B-F8CD-4E48-BECE-6DBB29C0F61E}.Debug|Any CPU.Build.0 = Debug|Any CPU
		{4867F46B-F8CD-4E48-BECE-6DBB29C0F61E}.Release|Any CPU.ActiveCfg = Release|Any CPU
		{4867F46B-F8CD-4E48-BECE-6DBB29C0F61E}.Release|Any CPU.Build.0 = Release|Any CPU
		{032246B2-FE02-4C34-A156-31CE24F9A426}.Debug|Any CPU.ActiveCfg = Debug|Any CPU
		{032246B2-FE02-4C34-A156-31CE24F9A426}.Debug|Any CPU.Build.0 = Debug|Any CPU
		{032246B2-FE02-4C34-A156-31CE24F9A426}.Release|Any CPU.ActiveCfg = Release|Any CPU
		{032246B2-FE02-4C34-A156-31CE24F9A426}.Release|Any CPU.Build.0 = Release|Any CPU
	EndGlobalSection
	GlobalSection(SolutionProperties) = preSolution
		HideSolutionNode = FALSE
	EndGlobalSection
	GlobalSection(ExtensibilityGlobals) = postSolution
		SolutionGuid = {38DCA6BD-F95F-41B5-9CF4-7CA229DFC4E4}
	EndGlobalSection
EndGlobal
